
Microsoft Visual Studio Solution File, Format Version 12.00
# Visual Studio Version 16
VisualStudioVersion = 16.0.30225.117
MinimumVisualStudioVersion = 10.0.40219.1
Project("{FAE04EC0-301F-11D3-BF4B-00C04F79EFBC}") = "webapps390x", "webapps390x.csproj", "{2F5BE15F-D9D1-47F7-982E-9433C175D365}"
EndProject
Global
	GlobalSection(SolutionConfigurationPlatforms) = preSolution
		Debug|Any CPU = Debug|Any CPU
		Release|Any CPU = Release|Any CPU
	EndGlobalSection
	GlobalSection(ProjectConfigurationPlatforms) = postSolution
		{2F5BE15F-D9D1-47F7-982E-9433C175D365}.Debug|Any CPU.ActiveCfg = Debug|Any CPU
		{2F5BE15F-D9D1-47F7-982E-9433C175D365}.Debug|Any CPU.Build.0 = Debug|Any CPU
		{2F5BE15F-D9D1-47F7-982E-9433C175D365}.Release|Any CPU.ActiveCfg = Release|Any CPU
		{2F5BE15F-D9D1-47F7-982E-9433C175D365}.Release|Any CPU.Build.0 = Release|Any CPU
	EndGlobalSection
	GlobalSection(SolutionProperties) = preSolution
		HideSolutionNode = FALSE
	EndGlobalSection
	GlobalSection(ExtensibilityGlobals) = postSolution
		SolutionGuid = {25B06A62-FF97-448A-89D0-64B3F824AF85}
	EndGlobalSection
EndGlobal
